
Microsoft Visual Studio Solution File, Format Version 12.00
# Visual Studio 15
VisualStudioVersion = 15.0.26730.12
MinimumVisualStudioVersion = 10.0.40219.1
Project("{8BC9CEB8-8B4A-11D0-8D11-00A0C91BC942}") = "Project2", "Project2.vcxproj", "{BDB6F31B-1FE1-4807-9439-30DE4E6DF69F}"
EndProject
Global
	GlobalSection(SolutionConfigurationPlatforms) = preSolution
		Debug|x64 = Debug|x64
		Debug|x86 = Debug|x86
		Release|x64 = Release|x64
		Release|x86 = Release|x86
	EndGlobalSection
	GlobalSection(ProjectConfigurationPlatforms) = postSolution
		{BDB6F31B-1FE1-4807-9439-30DE4E6DF69F}.Debug|x64.ActiveCfg = Debug|x64
		{BDB6F31B-1FE1-4807-9439-30DE4E6DF69F}.Debug|x64.Build.0 = Debug|x64
		{BDB6F31B-1FE1-4807-9439-30DE4E6DF69F}.Debug|x86.ActiveCfg = Debug|Win32
		{BDB6F31B-1FE1-4807-9439-30DE4E6DF69F}.Debug|x86.Build.0 = Debug|Win32
		{BDB6F31B-1FE1-4807-9439-30DE4E6DF69F}.Release|x64.ActiveCfg = Release|x64
		{BDB6F31B-1FE1-4807-9439-30DE4E6DF69F}.Release|x64.Build.0 = Release|x64
		{BDB6F31B-1FE1-4807-9439-30DE4E6DF69F}.Release|x86.ActiveCfg = Release|Win32
		{BDB6F31B-1FE1-4807-9439-30DE4E6DF69F}.Release|x86.Build.0 = Release|Win32
	EndGlobalSection
	GlobalSection(SolutionProperties) = preSolution
		HideSolutionNode = FALSE
	EndGlobalSection
	GlobalSection(ExtensibilityGlobals) = postSolution
		SolutionGuid = {CB5D1A50-DF35-458F-B82C-797E1CF0B53D}
	EndGlobalSection
EndGlobal
